
Microsoft Visual Studio Solution File, Format Version 12.00
# Visual Studio Version 16
VisualStudioVersion = 16.0.29519.181
MinimumVisualStudioVersion = 10.0.40219.1
Project("{FAE04EC0-301F-11D3-BF4B-00C04F79EFBC}") = "eventApi", "eventApi\eventApi.csproj", "{FD102475-F4B6-4CFB-87A2-910D4C9AA7F6}"
EndProject
Global
	GlobalSection(SolutionConfigurationPlatforms) = preSolution
		Debug|Any CPU = Debug|Any CPU
		Release|Any CPU = Release|Any CPU
	EndGlobalSection
	GlobalSection(ProjectConfigurationPlatforms) = postSolution
		{FD102475-F4B6-4CFB-87A2-910D4C9AA7F6}.Debug|Any CPU.ActiveCfg = Debug|Any CPU
		{FD102475-F4B6-4CFB-87A2-910D4C9AA7F6}.Debug|Any CPU.Build.0 = Debug|Any CPU
		{FD102475-F4B6-4CFB-87A2-910D4C9AA7F6}.Release|Any CPU.ActiveCfg = Release|Any CPU
		{FD102475-F4B6-4CFB-87A2-910D4C9AA7F6}.Release|Any CPU.Build.0 = Release|Any CPU
	EndGlobalSection
	GlobalSection(SolutionProperties) = preSolution
		HideSolutionNode = FALSE
	EndGlobalSection
	GlobalSection(ExtensibilityGlobals) = postSolution
		SolutionGuid = {C4E2EDFD-5CF2-45C7-A1BA-64940286092D}
	EndGlobalSection
EndGlobal
